
Microsoft Visual Studio Solution File, Format Version 12.00
# Visual Studio 14
VisualStudioVersion = 14.0.25420.1
MinimumVisualStudioVersion = 10.0.40219.1
Project("{FAE04EC0-301F-11D3-BF4B-00C04F79EFBC}") = "MyFirstiOSProject", "MyFirstiOSProject\MyFirstiOSProject.csproj", "{A41DD58C-3191-48FD-8D05-D48DD96FC6DA}"
EndProject
Global
	GlobalSection(SolutionConfigurationPlatforms) = preSolution
		Ad-Hoc|iPhone = Ad-Hoc|iPhone
		Ad-Hoc|iPhoneSimulator = Ad-Hoc|iPhoneSimulator
		AppStore|iPhone = AppStore|iPhone
		AppStore|iPhoneSimulator = AppStore|iPhoneSimulator
		Debug|iPhone = Debug|iPhone
		Debug|iPhoneSimulator = Debug|iPhoneSimulator
		Release|iPhone = Release|iPhone
		Release|iPhoneSimulator = Release|iPhoneSimulator
	EndGlobalSection
	GlobalSection(ProjectConfigurationPlatforms) = postSolution
		{A41DD58C-3191-48FD-8D05-D48DD96FC6DA}.Ad-Hoc|iPhone.ActiveCfg = Ad-Hoc|iPhone
		{A41DD58C-3191-48FD-8D05-D48DD96FC6DA}.Ad-Hoc|iPhone.Build.0 = Ad-Hoc|iPhone
		{A41DD58C-3191-48FD-8D05-D48DD96FC6DA}.Ad-Hoc|iPhoneSimulator.ActiveCfg = Ad-Hoc|iPhoneSimulator
		{A41DD58C-3191-48FD-8D05-D48DD96FC6DA}.Ad-Hoc|iPhoneSimulator.Build.0 = Ad-Hoc|iPhoneSimulator
		{A41DD58C-3191-48FD-8D05-D48DD96FC6DA}.AppStore|iPhone.ActiveCfg = AppStore|iPhone
		{A41DD58C-3191-48FD-8D05-D48DD96FC6DA}.AppStore|iPhone.Build.0 = AppStore|iPhone
		{A41DD58C-3191-48FD-8D05-D48DD96FC6DA}.AppStore|iPhoneSimulator.ActiveCfg = AppStore|iPhoneSimulator
		{A41DD58C-3191-48FD-8D05-D48DD96FC6DA}.AppStore|iPhoneSimulator.Build.0 = AppStore|iPhoneSimulator
		{A41DD58C-3191-48FD-8D05-D48DD96FC6DA}.Debug|iPhone.ActiveCfg = Debug|iPhone
		{A41DD58C-3191-48FD-8D05-D48DD96FC6DA}.Debug|iPhone.Build.0 = Debug|iPhone
		{A41DD58C-3191-48FD-8D05-D48DD96FC6DA}.Debug|iPhoneSimulator.ActiveCfg = Debug|iPhoneSimulator
		{A41DD58C-3191-48FD-8D05-D48DD96FC6DA}.Debug|iPhoneSimulator.Build.0 = Debug|iPhoneSimulator
		{A41DD58C-3191-48FD-8D05-D48DD96FC6DA}.Release|iPhone.ActiveCfg = Release|iPhone
		{A41DD58C-3191-48FD-8D05-D48DD96FC6DA}.Release|iPhone.Build.0 = Release|iPhone
		{A41DD58C-3191-48FD-8D05-D48DD96FC6DA}.Release|iPhoneSimulator.ActiveCfg = Release|iPhoneSimulator
		{A41DD58C-3191-48FD-8D05-D48DD96FC6DA}.Release|iPhoneSimulator.Build.0 = Release|iPhoneSimulator
	EndGlobalSection
	GlobalSection(SolutionProperties) = preSolution
		HideSolutionNode = FALSE
	EndGlobalSection
EndGlobal
